// !$*UTF8*$!
{
	archiveVersion = 1;
	classes = {
	};
	objectVersion = 51;
	objects = {

/* Begin PBXBuildFile section */
		39D02894E0CFA19CC925B8B4 /* Pods_ParstagramTests.framework in Frameworks */ = {isa = PBXBuildFile; fileRef = 5A8DA0AB6013EAE1AE2091D9 /* Pods_ParstagramTests.framework */; };
		99C4EAF2F72424FC9F0DB639 /* Pods_ParstagramUITests.framework in Frameworks */ = {isa = PBXBuildFile; fileRef = EEE0952D1B0A1A140FB9FE0B /* Pods_ParstagramUITests.framework */; };
		DE246A9D82075BE76F0C8DF9 /* Pods_Parstagram.framework in Frameworks */ = {isa = PBXBuildFile; fileRef = 1864F15A786B067818097EFB /* Pods_Parstagram.framework */; };
		F129711625FC3D4400968A46 /* AppDelegate.swift in Sources */ = {isa = PBXBuildFile; fileRef = F129711525FC3D4400968A46 /* AppDelegate.swift */; };
		F129711825FC3D4400968A46 /* SceneDelegate.swift in Sources */ = {isa = PBXBuildFile; fileRef = F129711725FC3D4400968A46 /* SceneDelegate.swift */; };
		F129711D25FC3D4400968A46 /* Main.storyboard in Resources */ = {isa = PBXBuildFile; fileRef = F129711B25FC3D4400968A46 /* Main.storyboard */; };
		F129711F25FC3D4700968A46 /* Assets.xcassets in Resources */ = {isa = PBXBuildFile; fileRef = F129711E25FC3D4700968A46 /* Assets.xcassets */; };
		F129712225FC3D4700968A46 /* LaunchScreen.storyboard in Resources */ = {isa = PBXBuildFile; fileRef = F129712025FC3D4700968A46 /* LaunchScreen.storyboard */; };
		F129712D25FC3D4800968A46 /* ParstagramTests.swift in Sources */ = {isa = PBXBuildFile; fileRef = F129712C25FC3D4800968A46 /* ParstagramTests.swift */; };
		F129713825FC3D4800968A46 /* ParstagramUITests.swift in Sources */ = {isa = PBXBuildFile; fileRef = F129713725FC3D4800968A46 /* ParstagramUITests.swift */; };
		F14E000C25FC651400C72CB5 /* CaptureViewController.swift in Sources */ = {isa = PBXBuildFile; fileRef = F14E000B25FC651400C72CB5 /* CaptureViewController.swift */; };
		F14E002125FC72F600C72CB5 /* PostCell.swift in Sources */ = {isa = PBXBuildFile; fileRef = F14E002025FC72F600C72CB5 /* PostCell.swift */; };
		F14EFFCB25FC4B1400C72CB5 /* LoginViewController.swift in Sources */ = {isa = PBXBuildFile; fileRef = F14EFFCA25FC4B1400C72CB5 /* LoginViewController.swift */; };
		F14EFFD025FC4B3300C72CB5 /* FeedViewController.swift in Sources */ = {isa = PBXBuildFile; fileRef = F14EFFCF25FC4B3300C72CB5 /* FeedViewController.swift */; };
		F18B7B5B260592200026ED4A /* CommentCell.swift in Sources */ = {isa = PBXBuildFile; fileRef = F18B7B5A260592200026ED4A /* CommentCell.swift */; };
/* End PBXBuildFile section */

/* Begin PBXContainerItemProxy section */
		F129712925FC3D4800968A46 /* PBXContainerItemProxy */ = {
			isa = PBXContainerItemProxy;
			containerPortal = F129710A25FC3D4400968A46 /* Project object */;
			proxyType = 1;
			remoteGlobalIDString = F129711125FC3D4400968A46;
			remoteInfo = Parstagram;
		};
		F129713425FC3D4800968A46 /* PBXContainerItemProxy */ = {
			isa = PBXContainerItemProxy;
			containerPortal = F129710A25FC3D4400968A46 /* Project object */;
			proxyType = 1;
			remoteGlobalIDString = F129711125FC3D4400968A46;
			remoteInfo = Parstagram;
		};
/* End PBXContainerItemProxy section */

/* Begin PBXFileReference section */
		01C515F009825D536CC1637B /* Pods-ParstagramUITests.release.xcconfig */ = {isa = PBXFileReference; includeInIndex = 1; lastKnownFileType = text.xcconfig; name = "Pods-ParstagramUITests.release.xcconfig"; path = "Target Support Files/Pods-ParstagramUITests/Pods-ParstagramUITests.release.xcconfig"; sourceTree = "<group>"; };
		1864F15A786B067818097EFB /* Pods_Parstagram.framework */ = {isa = PBXFileReference; explicitFileType = wrapper.framework; includeInIndex = 0; path = Pods_Parstagram.framework; sourceTree = BUILT_PRODUCTS_DIR; };
		5419655C82616050E17D154D /* Pods-Parstagram.debug.xcconfig */ = {isa = PBXFileReference; includeInIndex = 1; lastKnownFileType = text.xcconfig; name = "Pods-Parstagram.debug.xcconfig"; path = "Target Support Files/Pods-Parstagram/Pods-Parstagram.debug.xcconfig"; sourceTree = "<group>"; };
		5A8DA0AB6013EAE1AE2091D9 /* Pods_ParstagramTests.framework */ = {isa = PBXFileReference; explicitFileType = wrapper.framework; includeInIndex = 0; path = Pods_ParstagramTests.framework; sourceTree = BUILT_PRODUCTS_DIR; };
		73AA3D8B3FE88647367C1DE1 /* Pods-ParstagramUITests.debug.xcconfig */ = {isa = PBXFileReference; includeInIndex = 1; lastKnownFileType = text.xcconfig; name = "Pods-ParstagramUITests.debug.xcconfig"; path = "Target Support Files/Pods-ParstagramUITests/Pods-ParstagramUITests.debug.xcconfig"; sourceTree = "<group>"; };
		95B0A1715175711C85FE9894 /* Pods-ParstagramTests.debug.xcconfig */ = {isa = PBXFileReference; includeInIndex = 1; lastKnownFileType = text.xcconfig; name = "Pods-ParstagramTests.debug.xcconfig"; path = "Target Support Files/Pods-ParstagramTests/Pods-ParstagramTests.debug.xcconfig"; sourceTree = "<group>"; };
		CAC2261EEE452F7CE0C2A57E /* Pods-Parstagram.release.xcconfig */ = {isa = PBXFileReference; includeInIndex = 1; lastKnownFileType = text.xcconfig; name = "Pods-Parstagram.release.xcconfig"; path = "Target Support Files/Pods-Parstagram/Pods-Parstagram.release.xcconfig"; sourceTree = "<group>"; };
		D45ECBE47EE835F811249237 /* Pods-Parstagram-ParstagramUITests.release.xcconfig */ = {isa = PBXFileReference; includeInIndex = 1; lastKnownFileType = text.xcconfig; name = "Pods-Parstagram-ParstagramUITests.release.xcconfig"; path = "Target Support Files/Pods-Parstagram-ParstagramUITests/Pods-Parstagram-ParstagramUITests.release.xcconfig"; sourceTree = "<group>"; };
		E50ADE40B061A727D18A0393 /* Pods-Parstagram-ParstagramUITests.debug.xcconfig */ = {isa = PBXFileReference; includeInIndex = 1; lastKnownFileType = text.xcconfig; name = "Pods-Parstagram-ParstagramUITests.debug.xcconfig"; path = "Target Support Files/Pods-Parstagram-ParstagramUITests/Pods-Parstagram-ParstagramUITests.debug.xcconfig"; sourceTree = "<group>"; };
		E921C1517AAE559ACE57DE44 /* Pods-ParstagramTests.release.xcconfig */ = {isa = PBXFileReference; includeInIndex = 1; lastKnownFileType = text.xcconfig; name = "Pods-ParstagramTests.release.xcconfig"; path = "Target Support Files/Pods-ParstagramTests/Pods-ParstagramTests.release.xcconfig"; sourceTree = "<group>"; };
		EEE0952D1B0A1A140FB9FE0B /* Pods_ParstagramUITests.framework */ = {isa = PBXFileReference; explicitFileType = wrapper.framework; includeInIndex = 0; path = Pods_ParstagramUITests.framework; sourceTree = BUILT_PRODUCTS_DIR; };
		F129711225FC3D4400968A46 /* Parstagram.app */ = {isa = PBXFileReference; explicitFileType = wrapper.application; includeInIndex = 0; path = Parstagram.app; sourceTree = BUILT_PRODUCTS_DIR; };
		F129711525FC3D4400968A46 /* AppDelegate.swift */ = {isa = PBXFileReference; lastKnownFileType = sourcecode.swift; path = AppDelegate.swift; sourceTree = "<group>"; };
		F129711725FC3D4400968A46 /* SceneDelegate.swift */ = {isa = PBXFileReference; lastKnownFileType = sourcecode.swift; path = SceneDelegate.swift; sourceTree = "<group>"; };
		F129711C25FC3D4400968A46 /* Base */ = {isa = PBXFileReference; lastKnownFileType = file.storyboard; name = Base; path = Base.lproj/Main.storyboard; sourceTree = "<group>"; };
		F129711E25FC3D4700968A46 /* Assets.xcassets */ = {isa = PBXFileReference; lastKnownFileType = folder.assetcatalog; path = Assets.xcassets; sourceTree = "<group>"; };
		F129712125FC3D4700968A46 /* Base */ = {isa = PBXFileReference; lastKnownFileType = file.storyboard; name = Base; path = Base.lproj/LaunchScreen.storyboard; sourceTree = "<group>"; };
		F129712325FC3D4700968A46 /* Info.plist */ = {isa = PBXFileReference; lastKnownFileType = text.plist.xml; path = Info.plist; sourceTree = "<group>"; };
		F129712825FC3D4800968A46 /* ParstagramTests.xctest */ = {isa = PBXFileReference; explicitFileType = wrapper.cfbundle; includeInIndex = 0; path = ParstagramTests.xctest; sourceTree = BUILT_PRODUCTS_DIR; };
		F129712C25FC3D4800968A46 /* ParstagramTests.swift */ = {isa = PBXFileReference; lastKnownFileType = sourcecode.swift; path = ParstagramTests.swift; sourceTree = "<group>"; };
		F129712E25FC3D4800968A46 /* Info.plist */ = {isa = PBXFileReference; lastKnownFileType = text.plist.xml; path = Info.plist; sourceTree = "<group>"; };
		F129713325FC3D4800968A46 /* ParstagramUITests.xctest */ = {isa = PBXFileReference; explicitFileType = wrapper.cfbundle; includeInIndex = 0; path = ParstagramUITests.xctest; sourceTree = BUILT_PRODUCTS_DIR; };
		F129713725FC3D4800968A46 /* ParstagramUITests.swift */ = {isa = PBXFileReference; lastKnownFileType = sourcecode.swift; path = ParstagramUITests.swift; sourceTree = "<group>"; };
		F129713925FC3D4800968A46 /* Info.plist */ = {isa = PBXFileReference; lastKnownFileType = text.plist.xml; path = Info.plist; sourceTree = "<group>"; };
		F14E000B25FC651400C72CB5 /* CaptureViewController.swift */ = {isa = PBXFileReference; lastKnownFileType = sourcecode.swift; path = CaptureViewController.swift; sourceTree = "<group>"; };
		F14E002025FC72F600C72CB5 /* PostCell.swift */ = {isa = PBXFileReference; lastKnownFileType = sourcecode.swift; path = PostCell.swift; sourceTree = "<group>"; };
		F14EFFCA25FC4B1400C72CB5 /* LoginViewController.swift */ = {isa = PBXFileReference; lastKnownFileType = sourcecode.swift; path = LoginViewController.swift; sourceTree = "<group>"; };
		F14EFFCF25FC4B3300C72CB5 /* FeedViewController.swift */ = {isa = PBXFileReference; lastKnownFileType = sourcecode.swift; path = FeedViewController.swift; sourceTree = "<group>"; };
		F18B7B5A260592200026ED4A /* CommentCell.swift */ = {isa = PBXFileReference; lastKnownFileType = sourcecode.swift; path = CommentCell.swift; sourceTree = "<group>"; };
/* End PBXFileReference section */

/* Begin PBXFrameworksBuildPhase section */
		F129710F25FC3D4400968A46 /* Frameworks */ = {
			isa = PBXFrameworksBuildPhase;
			buildActionMask = 2147483647;
			files = (
				DE246A9D82075BE76F0C8DF9 /* Pods_Parstagram.framework in Frameworks */,
			);
			runOnlyForDeploymentPostprocessing = 0;
		};
		F129712525FC3D4800968A46 /* Frameworks */ = {
			isa = PBXFrameworksBuildPhase;
			buildActionMask = 2147483647;
			files = (
				39D02894E0CFA19CC925B8B4 /* Pods_ParstagramTests.framework in Frameworks */,
			);
			runOnlyForDeploymentPostprocessing = 0;
		};
		F129713025FC3D4800968A46 /* Frameworks */ = {
			isa = PBXFrameworksBuildPhase;
			buildActionMask = 2147483647;
			files = (
				99C4EAF2F72424FC9F0DB639 /* Pods_ParstagramUITests.framework in Frameworks */,
			);
			runOnlyForDeploymentPostprocessing = 0;
		};
/* End PBXFrameworksBuildPhase section */

/* Begin PBXGroup section */
		584711DEC8EA64A31D2B03AC /* Frameworks */ = {
			isa = PBXGroup;
			children = (
				1864F15A786B067818097EFB /* Pods_Parstagram.framework */,
				5A8DA0AB6013EAE1AE2091D9 /* Pods_ParstagramTests.framework */,
				EEE0952D1B0A1A140FB9FE0B /* Pods_ParstagramUITests.framework */,
			);
			name = Frameworks;
			sourceTree = "<group>";
		};
		85BFB8A0BC2316609F877731 /* Pods */ = {
			isa = PBXGroup;
			children = (
				5419655C82616050E17D154D /* Pods-Parstagram.debug.xcconfig */,
				CAC2261EEE452F7CE0C2A57E /* Pods-Parstagram.release.xcconfig */,
				E50ADE40B061A727D18A0393 /* Pods-Parstagram-ParstagramUITests.debug.xcconfig */,
				D45ECBE47EE835F811249237 /* Pods-Parstagram-ParstagramUITests.release.xcconfig */,
				95B0A1715175711C85FE9894 /* Pods-ParstagramTests.debug.xcconfig */,
				E921C1517AAE559ACE57DE44 /* Pods-ParstagramTests.release.xcconfig */,
				73AA3D8B3FE88647367C1DE1 /* Pods-ParstagramUITests.debug.xcconfig */,
				01C515F009825D536CC1637B /* Pods-ParstagramUITests.release.xcconfig */,
			);
			path = Pods;
			sourceTree = "<group>";
		};
		F129710925FC3D4400968A46 = {
			isa = PBXGroup;
			children = (
				F129711425FC3D4400968A46 /* Parstagram */,
				F129712B25FC3D4800968A46 /* ParstagramTests */,
				F129713625FC3D4800968A46 /* ParstagramUITests */,
				F129711325FC3D4400968A46 /* Products */,
				85BFB8A0BC2316609F877731 /* Pods */,
				584711DEC8EA64A31D2B03AC /* Frameworks */,
			);
			sourceTree = "<group>";
		};
		F129711325FC3D4400968A46 /* Products */ = {
			isa = PBXGroup;
			children = (
				F129711225FC3D4400968A46 /* Parstagram.app */,
				F129712825FC3D4800968A46 /* ParstagramTests.xctest */,
				F129713325FC3D4800968A46 /* ParstagramUITests.xctest */,
			);
			name = Products;
			sourceTree = "<group>";
		};
		F129711425FC3D4400968A46 /* Parstagram */ = {
			isa = PBXGroup;
			children = (
				F129711525FC3D4400968A46 /* AppDelegate.swift */,
				F129711725FC3D4400968A46 /* SceneDelegate.swift */,
				F129711B25FC3D4400968A46 /* Main.storyboard */,
				F129711E25FC3D4700968A46 /* Assets.xcassets */,
				F129712025FC3D4700968A46 /* LaunchScreen.storyboard */,
				F129712325FC3D4700968A46 /* Info.plist */,
				F14EFFCA25FC4B1400C72CB5 /* LoginViewController.swift */,
				F14EFFCF25FC4B3300C72CB5 /* FeedViewController.swift */,
				F14E000B25FC651400C72CB5 /* CaptureViewController.swift */,
				F14E002025FC72F600C72CB5 /* PostCell.swift */,
				F18B7B5A260592200026ED4A /* CommentCell.swift */,
			);
			path = Parstagram;
			sourceTree = "<group>";
		};
		F129712B25FC3D4800968A46 /* ParstagramTests */ = {
			isa = PBXGroup;
			children = (
				F129712C25FC3D4800968A46 /* ParstagramTests.swift */,
				F129712E25FC3D4800968A46 /* Info.plist */,
			);
			path = ParstagramTests;
			sourceTree = "<group>";
		};
		F129713625FC3D4800968A46 /* ParstagramUITests */ = {
			isa = PBXGroup;
			children = (
				F129713725FC3D4800968A46 /* ParstagramUITests.swift */,
				F129713925FC3D4800968A46 /* Info.plist */,
			);
			path = ParstagramUITests;
			sourceTree = "<group>";
		};
/* End PBXGroup section */

/* Begin PBXNativeTarget section */
		F129711125FC3D4400968A46 /* Parstagram */ = {
			isa = PBXNativeTarget;
			buildConfigurationList = F129713C25FC3D4800968A46 /* Build configuration list for PBXNativeTarget "Parstagram" */;
			buildPhases = (
				F2B060BDCBCFA52CF07C44DC /* [CP] Check Pods Manifest.lock */,
				F129710E25FC3D4400968A46 /* Sources */,
				F129710F25FC3D4400968A46 /* Frameworks */,
				F129711025FC3D4400968A46 /* Resources */,
				41575534925BE181CC6ECB43 /* [CP] Embed Pods Frameworks */,
			);
			buildRules = (
			);
			dependencies = (
			);
			name = Parstagram;
			productName = Parstagram;
			productReference = F129711225FC3D4400968A46 /* Parstagram.app */;
			productType = "com.apple.product-type.application";
		};
		F129712725FC3D4800968A46 /* ParstagramTests */ = {
			isa = PBXNativeTarget;
			buildConfigurationList = F129713F25FC3D4800968A46 /* Build configuration list for PBXNativeTarget "ParstagramTests" */;
			buildPhases = (
				E345C5E84981A2DAB430F76B /* [CP] Check Pods Manifest.lock */,
				F129712425FC3D4800968A46 /* Sources */,
				F129712525FC3D4800968A46 /* Frameworks */,
				F129712625FC3D4800968A46 /* Resources */,
			);
			buildRules = (
			);
			dependencies = (
				F129712A25FC3D4800968A46 /* PBXTargetDependency */,
			);
			name = ParstagramTests;
			productName = ParstagramTests;
			productReference = F129712825FC3D4800968A46 /* ParstagramTests.xctest */;
			productType = "com.apple.product-type.bundle.unit-test";
		};
		F129713225FC3D4800968A46 /* ParstagramUITests */ = {
			isa = PBXNativeTarget;
			buildConfigurationList = F129714225FC3D4800968A46 /* Build configuration list for PBXNativeTarget "ParstagramUITests" */;
			buildPhases = (
				018850757B4F71D38E5ADDD8 /* [CP] Check Pods Manifest.lock */,
				F129712F25FC3D4800968A46 /* Sources */,
				F129713025FC3D4800968A46 /* Frameworks */,
				F129713125FC3D4800968A46 /* Resources */,
			);
			buildRules = (
			);
			dependencies = (
				F129713525FC3D4800968A46 /* PBXTargetDependency */,
			);
			name = ParstagramUITests;
			productName = ParstagramUITests;
			productReference = F129713325FC3D4800968A46 /* ParstagramUITests.xctest */;
			productType = "com.apple.product-type.bundle.ui-testing";
		};
/* End PBXNativeTarget section */

/* Begin PBXProject section */
		F129710A25FC3D4400968A46 /* Project object */ = {
			isa = PBXProject;
			attributes = {
				LastSwiftUpdateCheck = 1240;
				LastUpgradeCheck = 1240;
				TargetAttributes = {
					F129711125FC3D4400968A46 = {
						CreatedOnToolsVersion = 12.4;
					};
					F129712725FC3D4800968A46 = {
						CreatedOnToolsVersion = 12.4;
						TestTargetID = F129711125FC3D4400968A46;
					};
					F129713225FC3D4800968A46 = {
						CreatedOnToolsVersion = 12.4;
						TestTargetID = F129711125FC3D4400968A46;
					};
				};
			};
			buildConfigurationList = F129710D25FC3D4400968A46 /* Build configuration list for PBXProject "Parstagram" */;
			compatibilityVersion = "Xcode 9.3";
			developmentRegion = en;
			hasScannedForEncodings = 0;
			knownRegions = (
				en,
				Base,
			);
			mainGroup = F129710925FC3D4400968A46;
			productRefGroup = F129711325FC3D4400968A46 /* Products */;
			projectDirPath = "";
			projectRoot = "";
			targets = (
				F129711125FC3D4400968A46 /* Parstagram */,
				F129712725FC3D4800968A46 /* ParstagramTests */,
				F129713225FC3D4800968A46 /* ParstagramUITests */,
			);
		};
/* End PBXProject section */

/* Begin PBXResourcesBuildPhase section */
		F129711025FC3D4400968A46 /* Resources */ = {
			isa = PBXResourcesBuildPhase;
			buildActionMask = 2147483647;
			files = (
				F129712225FC3D4700968A46 /* LaunchScreen.storyboard in Resources */,
				F129711F25FC3D4700968A46 /* Assets.xcassets in Resources */,
				F129711D25FC3D4400968A46 /* Main.storyboard in Resources */,
			);
			runOnlyForDeploymentPostprocessing = 0;
		};
		F129712625FC3D4800968A46 /* Resources */ = {
			isa = PBXResourcesBuildPhase;
			buildActionMask = 2147483647;
			files = (
			);
			runOnlyForDeploymentPostprocessing = 0;
		};
		F129713125FC3D4800968A46 /* Resources */ = {
			isa = PBXResourcesBuildPhase;
			buildActionMask = 2147483647;
			files = (
			);
			runOnlyForDeploymentPostprocessing = 0;
		};
/* End PBXResourcesBuildPhase section */

/* Begin PBXShellScriptBuildPhase section */
		018850757B4F71D38E5ADDD8 /* [CP] Check Pods Manifest.lock */ = {
			isa = PBXShellScriptBuildPhase;
			buildActionMask = 2147483647;
			files = (
			);
			inputFileListPaths = (
			);
			inputPaths = (
				"${PODS_PODFILE_DIR_PATH}/Podfile.lock",
				"${PODS_ROOT}/Manifest.lock",
			);
			name = "[CP] Check Pods Manifest.lock";
			outputFileListPaths = (
			);
			outputPaths = (
				"$(DERIVED_FILE_DIR)/Pods-ParstagramUITests-checkManifestLockResult.txt",
			);
			runOnlyForDeploymentPostprocessing = 0;
			shellPath = /bin/sh;
			shellScript = "diff \"${PODS_PODFILE_DIR_PATH}/Podfile.lock\" \"${PODS_ROOT}/Manifest.lock\" > /dev/null\nif [ $? != 0 ] ; then\n    # print error to STDERR\n    echo \"error: The sandbox is not in sync with the Podfile.lock. Run 'pod install' or update your CocoaPods installation.\" >&2\n    exit 1\nfi\n# This output is used by Xcode 'outputs' to avoid re-running this script phase.\necho \"SUCCESS\" > \"${SCRIPT_OUTPUT_FILE_0}\"\n";
			showEnvVarsInLog = 0;
		};
		41575534925BE181CC6ECB43 /* [CP] Embed Pods Frameworks */ = {
			isa = PBXShellScriptBuildPhase;
			buildActionMask = 2147483647;
			files = (
			);
			inputFileListPaths = (
				"${PODS_ROOT}/Target Support Files/Pods-Parstagram/Pods-Parstagram-frameworks-${CONFIGURATION}-input-files.xcfilelist",
			);
			name = "[CP] Embed Pods Frameworks";
			outputFileListPaths = (
				"${PODS_ROOT}/Target Support Files/Pods-Parstagram/Pods-Parstagram-frameworks-${CONFIGURATION}-output-files.xcfilelist",
			);
			runOnlyForDeploymentPostprocessing = 0;
			shellPath = /bin/sh;
			shellScript = "\"${PODS_ROOT}/Target Support Files/Pods-Parstagram/Pods-Parstagram-frameworks.sh\"\n";
			showEnvVarsInLog = 0;
		};
		E345C5E84981A2DAB430F76B /* [CP] Check Pods Manifest.lock */ = {
			isa = PBXShellScriptBuildPhase;
			buildActionMask = 2147483647;
			files = (
			);
			inputFileListPaths = (
			);
			inputPaths = (
				"${PODS_PODFILE_DIR_PATH}/Podfile.lock",
				"${PODS_ROOT}/Manifest.lock",
			);
			name = "[CP] Check Pods Manifest.lock";
			outputFileListPaths = (
			);
			outputPaths = (
				"$(DERIVED_FILE_DIR)/Pods-ParstagramTests-checkManifestLockResult.txt",
			);
			runOnlyForDeploymentPostprocessing = 0;
			shellPath = /bin/sh;
			shellScript = "diff \"${PODS_PODFILE_DIR_PATH}/Podfile.lock\" \"${PODS_ROOT}/Manifest.lock\" > /dev/null\nif [ $? != 0 ] ; then\n    # print error to STDERR\n    echo \"error: The sandbox is not in sync with the Podfile.lock. Run 'pod install' or update your CocoaPods installation.\" >&2\n    exit 1\nfi\n# This output is used by Xcode 'outputs' to avoid re-running this script phase.\necho \"SUCCESS\" > \"${SCRIPT_OUTPUT_FILE_0}\"\n";
			showEnvVarsInLog = 0;
		};
		F2B060BDCBCFA52CF07C44DC /* [CP] Check Pods Manifest.lock */ = {
			isa = PBXShellScriptBuildPhase;
			buildActionMask = 2147483647;
			files = (
			);
			inputFileListPaths = (
			);
			inputPaths = (
				"${PODS_PODFILE_DIR_PATH}/Podfile.lock",
				"${PODS_ROOT}/Manifest.lock",
			);
			name = "[CP] Check Pods Manifest.lock";
			outputFileListPaths = (
			);
			outputPaths = (
				"$(DERIVED_FILE_DIR)/Pods-Parstagram-checkManifestLockResult.txt",
			);
			runOnlyForDeploymentPostprocessing = 0;
			shellPath = /bin/sh;
			shellScript = "diff \"${PODS_PODFILE_DIR_PATH}/Podfile.lock\" \"${PODS_ROOT}/Manifest.lock\" > /dev/null\nif [ $? != 0 ] ; then\n    # print error to STDERR\n    echo \"error: The sandbox is not in sync with the Podfile.lock. Run 'pod install' or update your CocoaPods installation.\" >&2\n    exit 1\nfi\n# This output is used by Xcode 'outputs' to avoid re-running this script phase.\necho \"SUCCESS\" > \"${SCRIPT_OUTPUT_FILE_0}\"\n";
			showEnvVarsInLog = 0;
		};
/* End PBXShellScriptBuildPhase section */

/* Begin PBXSourcesBuildPhase section */
		F129710E25FC3D4400968A46 /* Sources */ = {
			isa = PBXSourcesBuildPhase;
			buildActionMask = 2147483647;
			files = (
				F14EFFCB25FC4B1400C72CB5 /* LoginViewController.swift in Sources */,
				F129711625FC3D4400968A46 /* AppDelegate.swift in Sources */,
				F14EFFD025FC4B3300C72CB5 /* FeedViewController.swift in Sources */,
				F129711825FC3D4400968A46 /* SceneDelegate.swift in Sources */,
				F14E000C25FC651400C72CB5 /* CaptureViewController.swift in Sources */,
				F14E002125FC72F600C72CB5 /* PostCell.swift in Sources */,
				F18B7B5B260592200026ED4A /* CommentCell.swift in Sources */,
			);
			runOnlyForDeploymentPostprocessing = 0;
		};
		F129712425FC3D4800968A46 /* Sources */ = {
			isa = PBXSourcesBuildPhase;
			buildActionMask = 2147483647;
			files = (
				F129712D25FC3D4800968A46 /* ParstagramTests.swift in Sources */,
			);
			runOnlyForDeploymentPostprocessing = 0;
		};
		F129712F25FC3D4800968A46 /* Sources */ = {
			isa = PBXSourcesBuildPhase;
			buildActionMask = 2147483647;
			files = (
				F129713825FC3D4800968A46 /* ParstagramUITests.swift in Sources */,
			);
			runOnlyForDeploymentPostprocessing = 0;
		};
/* End PBXSourcesBuildPhase section */

/* Begin PBXTargetDependency section */
		F129712A25FC3D4800968A46 /* PBXTargetDependency */ = {
			isa = PBXTargetDependency;
			target = F129711125FC3D4400968A46 /* Parstagram */;
			targetProxy = F129712925FC3D4800968A46 /* PBXContainerItemProxy */;
		};
		F129713525FC3D4800968A46 /* PBXTargetDependency */ = {
			isa = PBXTargetDependency;
			target = F129711125FC3D4400968A46 /* Parstagram */;
			targetProxy = F129713425FC3D4800968A46 /* PBXContainerItemProxy */;
		};
/* End PBXTargetDependency section */

/* Begin PBXVariantGroup section */
		F129711B25FC3D4400968A46 /* Main.storyboard */ = {
			isa = PBXVariantGroup;
			children = (
				F129711C25FC3D4400968A46 /* Base */,
			);
			name = Main.storyboard;
			sourceTree = "<group>";
		};
		F129712025FC3D4700968A46 /* LaunchScreen.storyboard */ = {
			isa = PBXVariantGroup;
			children = (
				F129712125FC3D4700968A46 /* Base */,
			);
			name = LaunchScreen.storyboard;
			sourceTree = "<group>";
		};
/* End PBXVariantGroup section */

/* Begin XCBuildConfiguration section */
		F129713A25FC3D4800968A46 /* Debug */ = {
			isa = XCBuildConfiguration;
			buildSettings = {
				ALWAYS_SEARCH_USER_PATHS = NO;
				CLANG_ANALYZER_NONNULL = YES;
				CLANG_ANALYZER_NUMBER_OBJECT_CONVERSION = YES_AGGRESSIVE;
				CLANG_CXX_LANGUAGE_STANDARD = "gnu++14";
				CLANG_CXX_LIBRARY = "libc++";
				CLANG_ENABLE_MODULES = YES;
				CLANG_ENABLE_OBJC_ARC = YES;
				CLANG_ENABLE_OBJC_WEAK = YES;
				CLANG_WARN_BLOCK_CAPTURE_AUTORELEASING = YES;
				CLANG_WARN_BOOL_CONVERSION = YES;
				CLANG_WARN_COMMA = YES;
				CLANG_WARN_CONSTANT_CONVERSION = YES;
				CLANG_WARN_DEPRECATED_OBJC_IMPLEMENTATIONS = YES;
				CLANG_WARN_DIRECT_OBJC_ISA_USAGE = YES_ERROR;
				CLANG_WARN_DOCUMENTATION_COMMENTS = YES;
				CLANG_WARN_EMPTY_BODY = YES;
				CLANG_WARN_ENUM_CONVERSION = YES;
				CLANG_WARN_INFINITE_RECURSION = YES;
				CLANG_WARN_INT_CONVERSION = YES;
				CLANG_WARN_NON_LITERAL_NULL_CONVERSION = YES;
				CLANG_WARN_OBJC_IMPLICIT_RETAIN_SELF = YES;
				CLANG_WARN_OBJC_LITERAL_CONVERSION = YES;
				CLANG_WARN_OBJC_ROOT_CLASS = YES_ERROR;
				CLANG_WARN_QUOTED_INCLUDE_IN_FRAMEWORK_HEADER = YES;
				CLANG_WARN_RANGE_LOOP_ANALYSIS = YES;
				CLANG_WARN_STRICT_PROTOTYPES = YES;
				CLANG_WARN_SUSPICIOUS_MOVE = YES;
				CLANG_WARN_UNGUARDED_AVAILABILITY = YES_AGGRESSIVE;
				CLANG_WARN_UNREACHABLE_CODE = YES;
				CLANG_WARN__DUPLICATE_METHOD_MATCH = YES;
				COPY_PHASE_STRIP = NO;
				DEBUG_INFORMATION_FORMAT = dwarf;
				ENABLE_STRICT_OBJC_MSGSEND = YES;
				ENABLE_TESTABILITY = YES;
				GCC_C_LANGUAGE_STANDARD = gnu11;
				GCC_DYNAMIC_NO_PIC = NO;
				GCC_NO_COMMON_BLOCKS = YES;
				GCC_OPTIMIZATION_LEVEL = 0;
				GCC_PREPROCESSOR_DEFINITIONS = (
					"DEBUG=1",
					"$(inherited)",
				);
				GCC_WARN_64_TO_32_BIT_CONVERSION = YES;
				GCC_WARN_ABOUT_RETURN_TYPE = YES_ERROR;
				GCC_WARN_UNDECLARED_SELECTOR = YES;
				GCC_WARN_UNINITIALIZED_AUTOS = YES_AGGRESSIVE;
				GCC_WARN_UNUSED_FUNCTION = YES;
				GCC_WARN_UNUSED_VARIABLE = YES;
				IPHONEOS_DEPLOYMENT_TARGET = 14.4;
				MTL_ENABLE_DEBUG_INFO = INCLUDE_SOURCE;
				MTL_FAST_MATH = YES;
				ONLY_ACTIVE_ARCH = YES;
				SDKROOT = iphoneos;
				SWIFT_ACTIVE_COMPILATION_CONDITIONS = DEBUG;
				SWIFT_OPTIMIZATION_LEVEL = "-Onone";
			};
			name = Debug;
		};
		F129713B25FC3D4800968A46 /* Release */ = {
			isa = XCBuildConfiguration;
			buildSettings = {
				ALWAYS_SEARCH_USER_PATHS = NO;
				CLANG_ANALYZER_NONNULL = YES;
				CLANG_ANALYZER_NUMBER_OBJECT_CONVERSION = YES_AGGRESSIVE;
				CLANG_CXX_LANGUAGE_STANDARD = "gnu++14";
				CLANG_CXX_LIBRARY = "libc++";
				CLANG_ENABLE_MODULES = YES;
				CLANG_ENABLE_OBJC_ARC = YES;
				CLANG_ENABLE_OBJC_WEAK = YES;
				CLANG_WARN_BLOCK_CAPTURE_AUTORELEASING = YES;
				CLANG_WARN_BOOL_CONVERSION = YES;
				CLANG_WARN_COMMA = YES;
				CLANG_WARN_CONSTANT_CONVERSION = YES;
				CLANG_WARN_DEPRECATED_OBJC_IMPLEMENTATIONS = YES;
				CLANG_WARN_DIRECT_OBJC_ISA_USAGE = YES_ERROR;
				CLANG_WARN_DOCUMENTATION_COMMENTS = YES;
				CLANG_WARN_EMPTY_BODY = YES;
				CLANG_WARN_ENUM_CONVERSION = YES;
				CLANG_WARN_INFINITE_RECURSION = YES;
				CLANG_WARN_INT_CONVERSION = YES;
				CLANG_WARN_NON_LITERAL_NULL_CONVERSION = YES;
				CLANG_WARN_OBJC_IMPLICIT_RETAIN_SELF = YES;
				CLANG_WARN_OBJC_LITERAL_CONVERSION = YES;
				CLANG_WARN_OBJC_ROOT_CLASS = YES_ERROR;
				CLANG_WARN_QUOTED_INCLUDE_IN_FRAMEWORK_HEADER = YES;
				CLANG_WARN_RANGE_LOOP_ANALYSIS = YES;
				CLANG_WARN_STRICT_PROTOTYPES = YES;
				CLANG_WARN_SUSPICIOUS_MOVE = YES;
				CLANG_WARN_UNGUARDED_AVAILABILITY = YES_AGGRESSIVE;
				CLANG_WARN_UNREACHABLE_CODE = YES;
				CLANG_WARN__DUPLICATE_METHOD_MATCH = YES;
				COPY_PHASE_STRIP = NO;
				DEBUG_INFORMATION_FORMAT = "dwarf-with-dsym";
				ENABLE_NS_ASSERTIONS = NO;
				ENABLE_STRICT_OBJC_MSGSEND = YES;
				GCC_C_LANGUAGE_STANDARD = gnu11;
				GCC_NO_COMMON_BLOCKS = YES;
				GCC_WARN_64_TO_32_BIT_CONVERSION = YES;
				GCC_WARN_ABOUT_RETURN_TYPE = YES_ERROR;
				GCC_WARN_UNDECLARED_SELECTOR = YES;
				GCC_WARN_UNINITIALIZED_AUTOS = YES_AGGRESSIVE;
				GCC_WARN_UNUSED_FUNCTION = YES;
				GCC_WARN_UNUSED_VARIABLE = YES;
				IPHONEOS_DEPLOYMENT_TARGET = 14.4;
				MTL_ENABLE_DEBUG_INFO = NO;
				MTL_FAST_MATH = YES;
				SDKROOT = iphoneos;
				SWIFT_COMPILATION_MODE = wholemodule;
				SWIFT_OPTIMIZATION_LEVEL = "-O";
				VALIDATE_PRODUCT = YES;
			};
			name = Release;
		};
		F129713D25FC3D4800968A46 /* Debug */ = {
			isa = XCBuildConfiguration;
			baseConfigurationReference = 5419655C82616050E17D154D /* Pods-Parstagram.debug.xcconfig */;
			buildSettings = {
				ASSETCATALOG_COMPILER_APPICON_NAME = AppIcon;
				ASSETCATALOG_COMPILER_GLOBAL_ACCENT_COLOR_NAME = AccentColor;
				CODE_SIGN_STYLE = Automatic;
				DEVELOPMENT_TEAM = MC6348725C;
				INFOPLIST_FILE = Parstagram/Info.plist;
				LD_RUNPATH_SEARCH_PATHS = (
					"$(inherited)",
					"@executable_path/Frameworks",
				);
				PRODUCT_BUNDLE_IDENTIFIER = "tahmid-z.Parstagram";
				PRODUCT_NAME = "$(TARGET_NAME)";
				SWIFT_VERSION = 5.0;
				TARGETED_DEVICE_FAMILY = "1,2";
			};
			name = Debug;
		};
		F129713E25FC3D4800968A46 /* Release */ = {
			isa = XCBuildConfiguration;
			baseConfigurationReference = CAC2261EEE452F7CE0C2A57E /* Pods-Parstagram.release.xcconfig */;
			buildSettings = {
				ASSETCATALOG_COMPILER_APPICON_NAME = AppIcon;
				ASSETCATALOG_COMPILER_GLOBAL_ACCENT_COLOR_NAME = AccentColor;
				CODE_SIGN_STYLE = Automatic;
				DEVELOPMENT_TEAM = MC6348725C;
				INFOPLIST_FILE = Parstagram/Info.plist;
				LD_RUNPATH_SEARCH_PATHS = (
					"$(inherited)",
					"@executable_path/Frameworks",
				);
				PRODUCT_BUNDLE_IDENTIFIER = "tahmid-z.Parstagram";
				PRODUCT_NAME = "$(TARGET_NAME)";
				SWIFT_VERSION = 5.0;
				TARGETED_DEVICE_FAMILY = "1,2";
			};
			name = Release;
		};
		F129714025FC3D4800968A46 /* Debug */ = {
			isa = XCBuildConfiguration;
			baseConfigurationReference = 95B0A1715175711C85FE9894 /* Pods-ParstagramTests.debug.xcconfig */;
			buildSettings = {
				ALWAYS_EMBED_SWIFT_STANDARD_LIBRARIES = YES;
				BUNDLE_LOADER = "$(TEST_HOST)";
				CODE_SIGN_STYLE = Automatic;
				DEVELOPMENT_TEAM = MC6348725C;
				INFOPLIST_FILE = ParstagramTests/Info.plist;
				IPHONEOS_DEPLOYMENT_TARGET = 14.4;
				LD_RUNPATH_SEARCH_PATHS = (
					"$(inherited)",
					"@executable_path/Frameworks",
					"@loader_path/Frameworks",
				);
				PRODUCT_BUNDLE_IDENTIFIER = "tahmid-z.ParstagramTests";
				PRODUCT_NAME = "$(TARGET_NAME)";
				SWIFT_VERSION = 5.0;
				TARGETED_DEVICE_FAMILY = "1,2";
				TEST_HOST = "$(BUILT_PRODUCTS_DIR)/Parstagram.app/Parstagram";
			};
			name = Debug;
		};
		F129714125FC3D4800968A46 /* Release */ = {
			isa = XCBuildConfiguration;
			baseConfigurationReference = E921C1517AAE559ACE57DE44 /* Pods-ParstagramTests.release.xcconfig */;
			buildSettings = {
				ALWAYS_EMBED_SWIFT_STANDARD_LIBRARIES = YES;
				BUNDLE_LOADER = "$(TEST_HOST)";
				CODE_SIGN_STYLE = Automatic;
				DEVELOPMENT_TEAM = MC6348725C;
				INFOPLIST_FILE = ParstagramTests/Info.plist;
				IPHONEOS_DEPLOYMENT_TARGET = 14.4;
				LD_RUNPATH_SEARCH_PATHS = (
					"$(inherited)",
					"@executable_path/Frameworks",
					"@loader_path/Frameworks",
				);
				PRODUCT_BUNDLE_IDENTIFIER = "tahmid-z.ParstagramTests";
				PRODUCT_NAME = "$(TARGET_NAME)";
				SWIFT_VERSION = 5.0;
				TARGETED_DEVICE_FAMILY = "1,2";
				TEST_HOST = "$(BUILT_PRODUCTS_DIR)/Parstagram.app/Parstagram";
			};
			name = Release;
		};
		F129714325FC3D4800968A46 /* Debug */ = {
			isa = XCBuildConfiguration;
			baseConfigurationReference = 73AA3D8B3FE88647367C1DE1 /* Pods-ParstagramUITests.debug.xcconfig */;
			buildSettings = {
				ALWAYS_EMBED_SWIFT_STANDARD_LIBRARIES = YES;
				CODE_SIGN_STYLE = Automatic;
				DEVELOPMENT_TEAM = MC6348725C;
				INFOPLIST_FILE = ParstagramUITests/Info.plist;
				LD_RUNPATH_SEARCH_PATHS = (
					"$(inherited)",
					"@executable_path/Frameworks",
					"@loader_path/Frameworks",
				);
				PRODUCT_BUNDLE_IDENTIFIER = "tahmid-z.ParstagramUITests";
				PRODUCT_NAME = "$(TARGET_NAME)";
				SWIFT_VERSION = 5.0;
				TARGETED_DEVICE_FAMILY = "1,2";
				TEST_TARGET_NAME = Parstagram;
			};
			name = Debug;
		};
		F129714425FC3D4800968A46 /* Release */ = {
			isa = XCBuildConfiguration;
			baseConfigurationReference = 01C515F009825D536CC1637B /* Pods-ParstagramUITests.release.xcconfig */;
			buildSettings = {
				ALWAYS_EMBED_SWIFT_STANDARD_LIBRARIES = YES;
				CODE_SIGN_STYLE = Automatic;
				DEVELOPMENT_TEAM = MC6348725C;
				INFOPLIST_FILE = ParstagramUITests/Info.plist;
				LD_RUNPATH_SEARCH_PATHS = (
					"$(inherited)",
					"@executable_path/Frameworks",
					"@loader_path/Frameworks",
				);
				PRODUCT_BUNDLE_IDENTIFIER = "tahmid-z.ParstagramUITests";
				PRODUCT_NAME = "$(TARGET_NAME)";
				SWIFT_VERSION = 5.0;
				TARGETED_DEVICE_FAMILY = "1,2";
				TEST_TARGET_NAME = Parstagram;
			};
			name = Release;
		};
/* End XCBuildConfiguration section */

/* Begin XCConfigurationList section */
		F129710D25FC3D4400968A46 /* Build configuration list for PBXProject "Parstagram" */ = {
			isa = XCConfigurationList;
			buildConfigurations = (
				F129713A25FC3D4800968A46 /* Debug */,
				F129713B25FC3D4800968A46 /* Release */,
			);
			defaultConfigurationIsVisible = 0;
			defaultConfigurationName = Release;
		};
		F129713C25FC3D4800968A46 /* Build configuration list for PBXNativeTarget "Parstagram" */ = {
			isa = XCConfigurationList;
			buildConfigurations = (
				F129713D25FC3D4800968A46 /* Debug */,
				F129713E25FC3D4800968A46 /* Release */,
			);
			defaultConfigurationIsVisible = 0;
			defaultConfigurationName = Release;
		};
		F129713F25FC3D4800968A46 /* Build configuration list for PBXNativeTarget "ParstagramTests" */ = {
			isa = XCConfigurationList;
			buildConfigurations = (
				F129714025FC3D4800968A46 /* Debug */,
				F129714125FC3D4800968A46 /* Release */,
			);
			defaultConfigurationIsVisible = 0;
			defaultConfigurationName = Release;
		};
		F129714225FC3D4800968A46 /* Build configuration list for PBXNativeTarget "ParstagramUITests" */ = {
			isa = XCConfigurationList;
			buildConfigurations = (
				F129714325FC3D4800968A46 /* Debug */,
				F129714425FC3D4800968A46 /* Release */,
			);
			defaultConfigurationIsVisible = 0;
			defaultConfigurationName = Release;
		};
/* End XCConfigurationList section */
	};
	rootObject = F129710A25FC3D4400968A46 /* Project object */;
}
